{
  "name": "js-playground",
  "version": "1.0.0",
  "lockfileVersion": 2,
  "requires": true,
  "packages": {
    "": {
      "name": "js-playground",
      "version": "1.0.0",
      "license": "ISC",
      "dependencies": {
        "count-promises": "^1.0.1",
        "moment": "^2.29.4",
        "undici": "^6.9.0"
      }
    },
    "node_modules/count-promises": {
      "version": "1.0.1",
      "resolved": "https://registry.npmjs.org/count-promises/-/count-promises-1.0.1.tgz",
      "integrity": "sha512-qMTHrm+DNS107CGpSA7b8OrQ+lDwmnhvQnRkFubnJRM2TkuDvTDFFgfrO7m31V6qhLqi3eNeqwJKHyz4DSQadw=="
    },
    "node_modules/moment": {
      "version": "2.29.4",
      "resolved": "https://registry.npmjs.org/moment/-/moment-2.29.4.tgz",
      "integrity": "sha512-5LC9SOxjSc2HF6vO2CyuTDNivEdoz2IvyJJGj6X8DJ0eFyfszE0QiEd+iXmBvUP3WHxSjFH/vIsA0EN00cgr8w==",
      "engines": {
        "node": "*"
      }
    },
    "node_modules/undici": {
      "version": "6.9.0",
      "resolved": "https://registry.npmjs.org/undici/-/undici-6.9.0.tgz",
      "integrity": "sha512-XPWfXzJedevUziHwun70EKNvGnxv4CnfraFZ4f/JV01+fcvMYzHE26r/j8AY/9c/70nkN4B1zX7E2Oyuqwz4+Q==",
      "engines": {
        "node": ">=18.0"
      }
    }
  },
  "dependencies": {
    "count-promises": {
      "version": "1.0.1",
      "resolved": "https://registry.npmjs.org/count-promises/-/count-promises-1.0.1.tgz",
      "integrity": "sha512-qMTHrm+DNS107CGpSA7b8OrQ+lDwmnhvQnRkFubnJRM2TkuDvTDFFgfrO7m31V6qhLqi3eNeqwJKHyz4DSQadw=="
    },
    "moment": {
      "version": "2.29.4",
      "resolved": "https://registry.npmjs.org/moment/-/moment-2.29.4.tgz",
      "integrity": "sha512-5LC9SOxjSc2HF6vO2CyuTDNivEdoz2IvyJJGj6X8DJ0eFyfszE0QiEd+iXmBvUP3WHxSjFH/vIsA0EN00cgr8w=="
    },
    "undici": {
      "version": "6.9.0",
      "resolved": "https://registry.npmjs.org/undici/-/undici-6.9.0.tgz",
      "integrity": "sha512-XPWfXzJedevUziHwun70EKNvGnxv4CnfraFZ4f/JV01+fcvMYzHE26r/j8AY/9c/70nkN4B1zX7E2Oyuqwz4+Q=="
    }
  }
}
