{
  "name": "js-playground",
  "version": "1.0.0",
  "lockfileVersion": 2,
  "requires": true,
  "packages": {
    "": {
      "name": "js-playground",
      "version": "1.0.0",
      "license": "ISC",
      "dependencies": {
        "count-promises": "^1.0.1",
        "moment": "^2.29.4",
        "undici": "^6.9.0"
      }
    },
    "node_modules/count-promises": {
      "version": "1.0.1",
      "resolved": "https://registry.npmjs.org/count-promises/-/count-promises-1.0.1.tgz",
      "integrity": "sha512-qMTHrm+DNS107CGpSA7b8OrQ+lDwmnhvQnRkFubnJRM2TkuDvTDFFgfrO7m31V6qhLqi3eNeqwJKHyz4DSQadw=="
    },
    "node_modules/moment": {
      "version": "2.29.4",
      "resolved": "https://registry.npmjs.org/moment/-/moment-2.29.4.tgz",
      "integrity": "sha512-5LC9SOxjSc2HF6vO2CyuTDNivEdoz2IvyJJGj6X8DJ0eFyfszE0QiEd+iXmBvUP3WHxSjFH/vIsA0EN00cgr8w==",
      "engines": {
        "node": "*"
      }
    },
    "node_modules/undici": {
      "version": "6.21.1",
      "resolved": "https://registry.npmjs.org/undici/-/undici-6.21.1.tgz",
      "integrity": "sha512-q/1rj5D0/zayJB2FraXdaWxbhWiNKDvu8naDT2dl1yTlvJp4BLtOcp2a5BvgGNQpYYJzau7tf1WgKv3b+7mqpQ==",
      "license": "MIT",
      "engines": {
        "node": ">=18.17"
      }
    }
  },
  "dependencies": {
    "count-promises": {
      "version": "1.0.1",
      "resolved": "https://registry.npmjs.org/count-promises/-/count-promises-1.0.1.tgz",
      "integrity": "sha512-qMTHrm+DNS107CGpSA7b8OrQ+lDwmnhvQnRkFubnJRM2TkuDvTDFFgfrO7m31V6qhLqi3eNeqwJKHyz4DSQadw=="
    },
    "moment": {
      "version": "2.29.4",
      "resolved": "https://registry.npmjs.org/moment/-/moment-2.29.4.tgz",
      "integrity": "sha512-5LC9SOxjSc2HF6vO2CyuTDNivEdoz2IvyJJGj6X8DJ0eFyfszE0QiEd+iXmBvUP3WHxSjFH/vIsA0EN00cgr8w=="
    },
    "undici": {
      "version": "6.21.1",
      "resolved": "https://registry.npmjs.org/undici/-/undici-6.21.1.tgz",
      "integrity": "sha512-q/1rj5D0/zayJB2FraXdaWxbhWiNKDvu8naDT2dl1yTlvJp4BLtOcp2a5BvgGNQpYYJzau7tf1WgKv3b+7mqpQ=="
    }
  }
}
