{
  "name": "async-example",
  "version": "1.0.0",
  "lockfileVersion": 3,
  "requires": true,
  "packages": {
    "": {
      "name": "async-example",
      "version": "1.0.0",
      "license": "ISC",
      "dependencies": {
        "piscina": "^4.4.0"
      }
    },
    "node_modules/nice-napi": {
      "version": "1.0.2",
      "resolved": "https://registry.npmjs.org/nice-napi/-/nice-napi-1.0.2.tgz",
      "integrity": "sha512-px/KnJAJZf5RuBGcfD+Sp2pAKq0ytz8j+1NehvgIGFkvtvFrDM3T8E4x/JJODXK9WZow8RRGrbA9QQ3hs+pDhA==",
      "hasInstallScript": true,
      "optional": true,
      "os": [
        "!win32"
      ],
      "dependencies": {
        "node-addon-api": "^3.0.0",
        "node-gyp-build": "^4.2.2"
      }
    },
    "node_modules/node-addon-api": {
      "version": "3.2.1",
      "resolved": "https://registry.npmjs.org/node-addon-api/-/node-addon-api-3.2.1.tgz",
      "integrity": "sha512-mmcei9JghVNDYydghQmeDX8KoAm0FAiYyIcUt/N4nhyAipB17pllZQDOJD2fotxABnt4Mdz+dKTO7eftLg4d0A==",
      "optional": true
    },
    "node_modules/node-gyp-build": {
      "version": "4.8.0",
      "resolved": "https://registry.npmjs.org/node-gyp-build/-/node-gyp-build-4.8.0.tgz",
      "integrity": "sha512-u6fs2AEUljNho3EYTJNBfImO5QTo/J/1Etd+NVdCj7qWKUSN/bSLkZwhDv7I+w/MSC6qJ4cknepkAYykDdK8og==",
      "optional": true,
      "bin": {
        "node-gyp-build": "bin.js",
        "node-gyp-build-optional": "optional.js",
        "node-gyp-build-test": "build-test.js"
      }
    },
    "node_modules/piscina": {
      "version": "4.4.0",
      "resolved": "https://registry.npmjs.org/piscina/-/piscina-4.4.0.tgz",
      "integrity": "sha512-+AQduEJefrOApE4bV7KRmp3N2JnnyErlVqq4P/jmko4FPz9Z877BCccl/iB3FdrWSUkvbGV9Kan/KllJgat3Vg==",
      "optionalDependencies": {
        "nice-napi": "^1.0.2"
      }
    }
  }
}
